
Microsoft Visual Studio Solution File, Format Version 12.00
# Visual Studio Version 16
VisualStudioVersion = 16.0.30517.126
MinimumVisualStudioVersion = 10.0.40219.1
Project("{9A19103F-16F7-4668-BE54-9A1E7A4F7556}") = "HRS", "HRS\HRS.csproj", "{8FC003E8-2979-4BB2-8348-D61491EEF77D}"
EndProject
Project("{FAE04EC0-301F-11D3-BF4B-00C04F79EFBC}") = "UnitTestProject1", "UnitTestProject1\UnitTestProject1.csproj", "{24662066-967A-46E1-B92A-203C16E3A3F5}"
EndProject
Global
	GlobalSection(SolutionConfigurationPlatforms) = preSolution
		Debug|Any CPU = Debug|Any CPU
		Release|Any CPU = Release|Any CPU
	EndGlobalSection
	GlobalSection(ProjectConfigurationPlatforms) = postSolution
		{8FC003E8-2979-4BB2-8348-D61491EEF77D}.Debug|Any CPU.ActiveCfg = Debug|Any CPU
		{8FC003E8-2979-4BB2-8348-D61491EEF77D}.Debug|Any CPU.Build.0 = Debug|Any CPU
		{8FC003E8-2979-4BB2-8348-D61491EEF77D}.Release|Any CPU.ActiveCfg = Release|Any CPU
		{8FC003E8-2979-4BB2-8348-D61491EEF77D}.Release|Any CPU.Build.0 = Release|Any CPU
		{24662066-967A-46E1-B92A-203C16E3A3F5}.Debug|Any CPU.ActiveCfg = Debug|Any CPU
		{24662066-967A-46E1-B92A-203C16E3A3F5}.Debug|Any CPU.Build.0 = Debug|Any CPU
		{24662066-967A-46E1-B92A-203C16E3A3F5}.Release|Any CPU.ActiveCfg = Release|Any CPU
		{24662066-967A-46E1-B92A-203C16E3A3F5}.Release|Any CPU.Build.0 = Release|Any CPU
	EndGlobalSection
	GlobalSection(SolutionProperties) = preSolution
		HideSolutionNode = FALSE
	EndGlobalSection
	GlobalSection(ExtensibilityGlobals) = postSolution
		SolutionGuid = {F5EA7B64-CA8A-4585-9BD2-717755177100}
	EndGlobalSection
EndGlobal
